// !$*UTF8*$!
{
	archiveVersion = 1;
	classes = {
	};
	objectVersion = 56;
	objects = {

/* Begin PBXBuildFile section */
		DB5B32C32BBE390500B02E0E /* CircleImage.swift in Sources */ = {isa = PBXBuildFile; fileRef = DB5B32C22BBE390500B02E0E /* CircleImage.swift */; };
		DB5B32C52BBE3B7200B02E0E /* MapView.swift in Sources */ = {isa = PBXBuildFile; fileRef = DB5B32C42BBE3B7200B02E0E /* MapView.swift */; };
		DB6C48242BFEE206009E42D1 /* HexagonParameters.swift in Sources */ = {isa = PBXBuildFile; fileRef = DB6C48232BFEE206009E42D1 /* HexagonParameters.swift */; };
		DB6C48262BFEE321009E42D1 /* BadgeBackground.swift in Sources */ = {isa = PBXBuildFile; fileRef = DB6C48252BFEE321009E42D1 /* BadgeBackground.swift */; };
		DB6C48282BFEE517009E42D1 /* BadgeSymbol.swift in Sources */ = {isa = PBXBuildFile; fileRef = DB6C48272BFEE517009E42D1 /* BadgeSymbol.swift */; };
		DB6C482A2BFEE5B2009E42D1 /* RotatedBadgeSymbol.swift in Sources */ = {isa = PBXBuildFile; fileRef = DB6C48292BFEE5B2009E42D1 /* RotatedBadgeSymbol.swift */; };
		DB6C482C2BFEE5F4009E42D1 /* Badge.swift in Sources */ = {isa = PBXBuildFile; fileRef = DB6C482B2BFEE5F4009E42D1 /* Badge.swift */; };
		DB6CF4962C02C2BD009924F7 /* CategoryRow.swift in Sources */ = {isa = PBXBuildFile; fileRef = DB6CF4952C02C2BD009924F7 /* CategoryRow.swift */; };
		DB6CF4982C02C58C009924F7 /* CategoryItem.swift in Sources */ = {isa = PBXBuildFile; fileRef = DB6CF4972C02C58B009924F7 /* CategoryItem.swift */; };
		DB6D4B8D2C0BA0A700689C85 /* PageViewController.swift in Sources */ = {isa = PBXBuildFile; fileRef = DB6D4B8C2C0BA0A700689C85 /* PageViewController.swift */; };
		DB6D4B8F2C0BA26800689C85 /* FeatureCard.swift in Sources */ = {isa = PBXBuildFile; fileRef = DB6D4B8E2C0BA26800689C85 /* FeatureCard.swift */; };
		DB6D4B912C0BA41400689C85 /* PageView.swift in Sources */ = {isa = PBXBuildFile; fileRef = DB6D4B902C0BA41400689C85 /* PageView.swift */; };
		DB6D4B932C0BAB5700689C85 /* PageControl.swift in Sources */ = {isa = PBXBuildFile; fileRef = DB6D4B922C0BAB5700689C85 /* PageControl.swift */; };
		DB8D833B2BC3960000D415F3 /* FavoriteButton.swift in Sources */ = {isa = PBXBuildFile; fileRef = DB8D833A2BC3960000D415F3 /* FavoriteButton.swift */; };
		DB9D18F22C01745100516B46 /* hikeData.json in Resources */ = {isa = PBXBuildFile; fileRef = DB9D18F12C01745100516B46 /* hikeData.json */; };
		DB9D18F52C0174EE00516B46 /* Hike.swift in Sources */ = {isa = PBXBuildFile; fileRef = DB9D18F42C0174EE00516B46 /* Hike.swift */; };
		DB9D18F92C0176E000516B46 /* HikeView.swift in Sources */ = {isa = PBXBuildFile; fileRef = DB9D18F82C0176E000516B46 /* HikeView.swift */; };
		DB9D18FB2C01779300516B46 /* HikeGraph.swift in Sources */ = {isa = PBXBuildFile; fileRef = DB9D18FA2C01779300516B46 /* HikeGraph.swift */; };
		DB9D18FD2C0177C900516B46 /* GraphCapsule.swift in Sources */ = {isa = PBXBuildFile; fileRef = DB9D18FC2C0177C900516B46 /* GraphCapsule.swift */; };
		DB9D18FF2C01782400516B46 /* HikeDetail.swift in Sources */ = {isa = PBXBuildFile; fileRef = DB9D18FE2C01782400516B46 /* HikeDetail.swift */; };
		DB9D19022C017CBB00516B46 /* CategoryHome.swift in Sources */ = {isa = PBXBuildFile; fileRef = DB9D19012C017CBB00516B46 /* CategoryHome.swift */; };
		DBA9A06A2BC0CF37007DF226 /* landmarkData.json in Resources */ = {isa = PBXBuildFile; fileRef = DBA9A0692BC0CF37007DF226 /* landmarkData.json */; };
		DBA9A06C2BC0CFA7007DF226 /* Landmark.swift in Sources */ = {isa = PBXBuildFile; fileRef = DBA9A06B2BC0CFA7007DF226 /* Landmark.swift */; };
		DBA9A06E2BC0D3F2007DF226 /* ModelData.swift in Sources */ = {isa = PBXBuildFile; fileRef = DBA9A06D2BC0D3F2007DF226 /* ModelData.swift */; };
		DBA9A0732BC0DA30007DF226 /* LandmarkRow.swift in Sources */ = {isa = PBXBuildFile; fileRef = DBA9A0722BC0DA30007DF226 /* LandmarkRow.swift */; };
		DBA9A0752BC0DDB2007DF226 /* LandmarkList.swift in Sources */ = {isa = PBXBuildFile; fileRef = DBA9A0742BC0DDB2007DF226 /* LandmarkList.swift */; };
		DBA9A0772BC0E15B007DF226 /* LandmarkDetail.swift in Sources */ = {isa = PBXBuildFile; fileRef = DBA9A0762BC0E15B007DF226 /* LandmarkDetail.swift */; };
		DBBAB9AF2BBCFE43006F1469 /* LandmarksApp.swift in Sources */ = {isa = PBXBuildFile; fileRef = DBBAB9AE2BBCFE43006F1469 /* LandmarksApp.swift */; };
		DBBAB9B12BBCFE43006F1469 /* ContentView.swift in Sources */ = {isa = PBXBuildFile; fileRef = DBBAB9B02BBCFE43006F1469 /* ContentView.swift */; };
		DBBAB9B32BBCFE44006F1469 /* Assets.xcassets in Resources */ = {isa = PBXBuildFile; fileRef = DBBAB9B22BBCFE44006F1469 /* Assets.xcassets */; };
		DBBAB9B62BBCFE44006F1469 /* Preview Assets.xcassets in Resources */ = {isa = PBXBuildFile; fileRef = DBBAB9B52BBCFE44006F1469 /* Preview Assets.xcassets */; };
		DBE5E24B2C0ABD55006BDF0E /* Profile.swift in Sources */ = {isa = PBXBuildFile; fileRef = DBE5E24A2C0ABD55006BDF0E /* Profile.swift */; };
		DBE5E24E2C0ABDDD006BDF0E /* ProfileHost.swift in Sources */ = {isa = PBXBuildFile; fileRef = DBE5E24D2C0ABDDD006BDF0E /* ProfileHost.swift */; };
		DBE5E2502C0ABE9E006BDF0E /* ProfileSummary.swift in Sources */ = {isa = PBXBuildFile; fileRef = DBE5E24F2C0ABE9E006BDF0E /* ProfileSummary.swift */; };
		DBE5E2522C0ABFC8006BDF0E /* HikeBadge.swift in Sources */ = {isa = PBXBuildFile; fileRef = DBE5E2512C0ABFC8006BDF0E /* HikeBadge.swift */; };
		DBE5E2542C0AC52A006BDF0E /* ProfileEditor.swift in Sources */ = {isa = PBXBuildFile; fileRef = DBE5E2532C0AC52A006BDF0E /* ProfileEditor.swift */; };
/* End PBXBuildFile section */

/* Begin PBXFileReference section */
		DB5B32C22BBE390500B02E0E /* CircleImage.swift */ = {isa = PBXFileReference; lastKnownFileType = sourcecode.swift; path = CircleImage.swift; sourceTree = "<group>"; };
		DB5B32C42BBE3B7200B02E0E /* MapView.swift */ = {isa = PBXFileReference; lastKnownFileType = sourcecode.swift; path = MapView.swift; sourceTree = "<group>"; };
		DB6C48232BFEE206009E42D1 /* HexagonParameters.swift */ = {isa = PBXFileReference; lastKnownFileType = sourcecode.swift; name = HexagonParameters.swift; path = Landmarks/Views/Badges/HexagonParameters.swift; sourceTree = SOURCE_ROOT; };
		DB6C48252BFEE321009E42D1 /* BadgeBackground.swift */ = {isa = PBXFileReference; lastKnownFileType = sourcecode.swift; path = BadgeBackground.swift; sourceTree = "<group>"; };
		DB6C48272BFEE517009E42D1 /* BadgeSymbol.swift */ = {isa = PBXFileReference; lastKnownFileType = sourcecode.swift; path = BadgeSymbol.swift; sourceTree = "<group>"; };
		DB6C48292BFEE5B2009E42D1 /* RotatedBadgeSymbol.swift */ = {isa = PBXFileReference; lastKnownFileType = sourcecode.swift; path = RotatedBadgeSymbol.swift; sourceTree = "<group>"; };
		DB6C482B2BFEE5F4009E42D1 /* Badge.swift */ = {isa = PBXFileReference; lastKnownFileType = sourcecode.swift; path = Badge.swift; sourceTree = "<group>"; };
		DB6CF4952C02C2BD009924F7 /* CategoryRow.swift */ = {isa = PBXFileReference; lastKnownFileType = sourcecode.swift; path = CategoryRow.swift; sourceTree = "<group>"; };
		DB6CF4972C02C58B009924F7 /* CategoryItem.swift */ = {isa = PBXFileReference; lastKnownFileType = sourcecode.swift; path = CategoryItem.swift; sourceTree = "<group>"; };
		DB6D4B8C2C0BA0A700689C85 /* PageViewController.swift */ = {isa = PBXFileReference; lastKnownFileType = sourcecode.swift; path = PageViewController.swift; sourceTree = "<group>"; };
		DB6D4B8E2C0BA26800689C85 /* FeatureCard.swift */ = {isa = PBXFileReference; lastKnownFileType = sourcecode.swift; path = FeatureCard.swift; sourceTree = "<group>"; };
		DB6D4B902C0BA41400689C85 /* PageView.swift */ = {isa = PBXFileReference; lastKnownFileType = sourcecode.swift; path = PageView.swift; sourceTree = "<group>"; };
		DB6D4B922C0BAB5700689C85 /* PageControl.swift */ = {isa = PBXFileReference; lastKnownFileType = sourcecode.swift; path = PageControl.swift; sourceTree = "<group>"; };
		DB8D833A2BC3960000D415F3 /* FavoriteButton.swift */ = {isa = PBXFileReference; lastKnownFileType = sourcecode.swift; path = FavoriteButton.swift; sourceTree = "<group>"; };
		DB9D18F12C01745100516B46 /* hikeData.json */ = {isa = PBXFileReference; fileEncoding = 4; lastKnownFileType = text.json; path = hikeData.json; sourceTree = "<group>"; };
		DB9D18F42C0174EE00516B46 /* Hike.swift */ = {isa = PBXFileReference; lastKnownFileType = sourcecode.swift; path = Hike.swift; sourceTree = "<group>"; };
		DB9D18F82C0176E000516B46 /* HikeView.swift */ = {isa = PBXFileReference; lastKnownFileType = sourcecode.swift; path = HikeView.swift; sourceTree = "<group>"; };
		DB9D18FA2C01779300516B46 /* HikeGraph.swift */ = {isa = PBXFileReference; lastKnownFileType = sourcecode.swift; path = HikeGraph.swift; sourceTree = "<group>"; };
		DB9D18FC2C0177C900516B46 /* GraphCapsule.swift */ = {isa = PBXFileReference; lastKnownFileType = sourcecode.swift; path = GraphCapsule.swift; sourceTree = "<group>"; };
		DB9D18FE2C01782400516B46 /* HikeDetail.swift */ = {isa = PBXFileReference; lastKnownFileType = sourcecode.swift; path = HikeDetail.swift; sourceTree = "<group>"; };
		DB9D19012C017CBB00516B46 /* CategoryHome.swift */ = {isa = PBXFileReference; lastKnownFileType = sourcecode.swift; path = CategoryHome.swift; sourceTree = "<group>"; };
		DBA9A0692BC0CF37007DF226 /* landmarkData.json */ = {isa = PBXFileReference; fileEncoding = 4; lastKnownFileType = text.json; path = landmarkData.json; sourceTree = "<group>"; };
		DBA9A06B2BC0CFA7007DF226 /* Landmark.swift */ = {isa = PBXFileReference; lastKnownFileType = sourcecode.swift; path = Landmark.swift; sourceTree = "<group>"; };
		DBA9A06D2BC0D3F2007DF226 /* ModelData.swift */ = {isa = PBXFileReference; lastKnownFileType = sourcecode.swift; path = ModelData.swift; sourceTree = "<group>"; };
		DBA9A0722BC0DA30007DF226 /* LandmarkRow.swift */ = {isa = PBXFileReference; lastKnownFileType = sourcecode.swift; path = LandmarkRow.swift; sourceTree = "<group>"; };
		DBA9A0742BC0DDB2007DF226 /* LandmarkList.swift */ = {isa = PBXFileReference; lastKnownFileType = sourcecode.swift; path = LandmarkList.swift; sourceTree = "<group>"; };
		DBA9A0762BC0E15B007DF226 /* LandmarkDetail.swift */ = {isa = PBXFileReference; lastKnownFileType = sourcecode.swift; path = LandmarkDetail.swift; sourceTree = "<group>"; };
		DBBAB9AB2BBCFE43006F1469 /* Landmarks.app */ = {isa = PBXFileReference; explicitFileType = wrapper.application; includeInIndex = 0; path = Landmarks.app; sourceTree = BUILT_PRODUCTS_DIR; };
		DBBAB9AE2BBCFE43006F1469 /* LandmarksApp.swift */ = {isa = PBXFileReference; lastKnownFileType = sourcecode.swift; path = LandmarksApp.swift; sourceTree = "<group>"; };
		DBBAB9B02BBCFE43006F1469 /* ContentView.swift */ = {isa = PBXFileReference; lastKnownFileType = sourcecode.swift; path = ContentView.swift; sourceTree = "<group>"; };
		DBBAB9B22BBCFE44006F1469 /* Assets.xcassets */ = {isa = PBXFileReference; lastKnownFileType = folder.assetcatalog; path = Assets.xcassets; sourceTree = "<group>"; };
		DBBAB9B52BBCFE44006F1469 /* Preview Assets.xcassets */ = {isa = PBXFileReference; lastKnownFileType = folder.assetcatalog; path = "Preview Assets.xcassets"; sourceTree = "<group>"; };
		DBE5E24A2C0ABD55006BDF0E /* Profile.swift */ = {isa = PBXFileReference; lastKnownFileType = sourcecode.swift; path = Profile.swift; sourceTree = "<group>"; };
		DBE5E24D2C0ABDDD006BDF0E /* ProfileHost.swift */ = {isa = PBXFileReference; lastKnownFileType = sourcecode.swift; path = ProfileHost.swift; sourceTree = "<group>"; };
		DBE5E24F2C0ABE9E006BDF0E /* ProfileSummary.swift */ = {isa = PBXFileReference; lastKnownFileType = sourcecode.swift; path = ProfileSummary.swift; sourceTree = "<group>"; };
		DBE5E2512C0ABFC8006BDF0E /* HikeBadge.swift */ = {isa = PBXFileReference; lastKnownFileType = sourcecode.swift; path = HikeBadge.swift; sourceTree = "<group>"; };
		DBE5E2532C0AC52A006BDF0E /* ProfileEditor.swift */ = {isa = PBXFileReference; lastKnownFileType = sourcecode.swift; path = ProfileEditor.swift; sourceTree = "<group>"; };
/* End PBXFileReference section */

/* Begin PBXFrameworksBuildPhase section */
		DBBAB9A82BBCFE43006F1469 /* Frameworks */ = {
			isa = PBXFrameworksBuildPhase;
			buildActionMask = 2147483647;
			files = (
			);
			runOnlyForDeploymentPostprocessing = 0;
		};
/* End PBXFrameworksBuildPhase section */

/* Begin PBXGroup section */
		DB6C482D2BFEE683009E42D1 /* Badges */ = {
			isa = PBXGroup;
			children = (
				DB6C482B2BFEE5F4009E42D1 /* Badge.swift */,
				DB6C48252BFEE321009E42D1 /* BadgeBackground.swift */,
				DB6C48272BFEE517009E42D1 /* BadgeSymbol.swift */,
				DB6C48292BFEE5B2009E42D1 /* RotatedBadgeSymbol.swift */,
				DB6C48232BFEE206009E42D1 /* HexagonParameters.swift */,
			);
			path = Badges;
			sourceTree = "<group>";
		};
		DB6D4B8B2C0BA06E00689C85 /* PageView */ = {
			isa = PBXGroup;
			children = (
				DB6D4B8C2C0BA0A700689C85 /* PageViewController.swift */,
				DB6D4B8E2C0BA26800689C85 /* FeatureCard.swift */,
				DB6D4B902C0BA41400689C85 /* PageView.swift */,
				DB6D4B922C0BAB5700689C85 /* PageControl.swift */,
			);
			path = PageView;
			sourceTree = "<group>";
		};
		DB8D833C2BC397D100D415F3 /* Landmarks */ = {
			isa = PBXGroup;
			children = (
				DBA9A0742BC0DDB2007DF226 /* LandmarkList.swift */,
				DBA9A0722BC0DA30007DF226 /* LandmarkRow.swift */,
				DBA9A0762BC0E15B007DF226 /* LandmarkDetail.swift */,
			);
			path = Landmarks;
			sourceTree = "<group>";
		};
		DB8D833D2BC397FE00D415F3 /* Helper */ = {
			isa = PBXGroup;
			children = (
				DB5B32C22BBE390500B02E0E /* CircleImage.swift */,
				DB5B32C42BBE3B7200B02E0E /* MapView.swift */,
				DB8D833A2BC3960000D415F3 /* FavoriteButton.swift */,
			);
			path = Helper;
			sourceTree = "<group>";
		};
		DB9D18F32C01748700516B46 /* Hikes */ = {
			isa = PBXGroup;
			children = (
				DB9D18F82C0176E000516B46 /* HikeView.swift */,
				DB9D18FA2C01779300516B46 /* HikeGraph.swift */,
				DB9D18FC2C0177C900516B46 /* GraphCapsule.swift */,
				DB9D18FE2C01782400516B46 /* HikeDetail.swift */,
				DBE5E2512C0ABFC8006BDF0E /* HikeBadge.swift */,
			);
			path = Hikes;
			sourceTree = "<group>";
		};
		DB9D19002C017C9D00516B46 /* Categories */ = {
			isa = PBXGroup;
			children = (
				DB9D19012C017CBB00516B46 /* CategoryHome.swift */,
				DB6CF4952C02C2BD009924F7 /* CategoryRow.swift */,
				DB6CF4972C02C58B009924F7 /* CategoryItem.swift */,
			);
			path = Categories;
			sourceTree = "<group>";
		};
		DBA9A06F2BC0D89F007DF226 /* Views */ = {
			isa = PBXGroup;
			children = (
				DBBAB9B02BBCFE43006F1469 /* ContentView.swift */,
				DB6D4B8B2C0BA06E00689C85 /* PageView */,
				DBE5E24C2C0ABDA8006BDF0E /* Profiles  */,
				DB9D19002C017C9D00516B46 /* Categories */,
				DB9D18F32C01748700516B46 /* Hikes */,
				DB8D833C2BC397D100D415F3 /* Landmarks */,
				DB6C482D2BFEE683009E42D1 /* Badges */,
				DB8D833D2BC397FE00D415F3 /* Helper */,
			);
			path = Views;
			sourceTree = "<group>";
		};
		DBA9A0702BC0D8C6007DF226 /* Model */ = {
			isa = PBXGroup;
			children = (
				DB9D18F42C0174EE00516B46 /* Hike.swift */,
				DBA9A06B2BC0CFA7007DF226 /* Landmark.swift */,
				DBA9A06D2BC0D3F2007DF226 /* ModelData.swift */,
				DBE5E24A2C0ABD55006BDF0E /* Profile.swift */,
			);
			path = Model;
			sourceTree = "<group>";
		};
		DBA9A0712BC0D90F007DF226 /* Resources */ = {
			isa = PBXGroup;
			children = (
				DB9D18F12C01745100516B46 /* hikeData.json */,
				DBA9A0692BC0CF37007DF226 /* landmarkData.json */,
			);
			path = Resources;
			sourceTree = "<group>";
		};
		DBBAB9A22BBCFE43006F1469 = {
			isa = PBXGroup;
			children = (
				DBBAB9AD2BBCFE43006F1469 /* Landmarks */,
				DBBAB9AC2BBCFE43006F1469 /* Products */,
			);
			sourceTree = "<group>";
		};
		DBBAB9AC2BBCFE43006F1469 /* Products */ = {
			isa = PBXGroup;
			children = (
				DBBAB9AB2BBCFE43006F1469 /* Landmarks.app */,
			);
			name = Products;
			sourceTree = "<group>";
		};
		DBBAB9AD2BBCFE43006F1469 /* Landmarks */ = {
			isa = PBXGroup;
			children = (
				DBBAB9AE2BBCFE43006F1469 /* LandmarksApp.swift */,
				DBA9A06F2BC0D89F007DF226 /* Views */,
				DBA9A0702BC0D8C6007DF226 /* Model */,
				DBA9A0712BC0D90F007DF226 /* Resources */,
				DBBAB9B22BBCFE44006F1469 /* Assets.xcassets */,
				DBBAB9B42BBCFE44006F1469 /* Preview Content */,
			);
			path = Landmarks;
			sourceTree = "<group>";
		};
		DBBAB9B42BBCFE44006F1469 /* Preview Content */ = {
			isa = PBXGroup;
			children = (
				DBBAB9B52BBCFE44006F1469 /* Preview Assets.xcassets */,
			);
			path = "Preview Content";
			sourceTree = "<group>";
		};
		DBE5E24C2C0ABDA8006BDF0E /* Profiles  */ = {
			isa = PBXGroup;
			children = (
				DBE5E24D2C0ABDDD006BDF0E /* ProfileHost.swift */,
				DBE5E24F2C0ABE9E006BDF0E /* ProfileSummary.swift */,
				DBE5E2532C0AC52A006BDF0E /* ProfileEditor.swift */,
			);
			path = "Profiles ";
			sourceTree = "<group>";
		};
/* End PBXGroup section */

/* Begin PBXNativeTarget section */
		DBBAB9AA2BBCFE43006F1469 /* Landmarks */ = {
			isa = PBXNativeTarget;
			buildConfigurationList = DBBAB9B92BBCFE44006F1469 /* Build configuration list for PBXNativeTarget "Landmarks" */;
			buildPhases = (
				DBBAB9A72BBCFE43006F1469 /* Sources */,
				DBBAB9A82BBCFE43006F1469 /* Frameworks */,
				DBBAB9A92BBCFE43006F1469 /* Resources */,
			);
			buildRules = (
			);
			dependencies = (
			);
			name = Landmarks;
			productName = Landmarks;
			productReference = DBBAB9AB2BBCFE43006F1469 /* Landmarks.app */;
			productType = "com.apple.product-type.application";
		};
/* End PBXNativeTarget section */

/* Begin PBXProject section */
		DBBAB9A32BBCFE43006F1469 /* Project object */ = {
			isa = PBXProject;
			attributes = {
				BuildIndependentTargetsInParallel = 1;
				LastSwiftUpdateCheck = 1530;
				LastUpgradeCheck = 1530;
				TargetAttributes = {
					DBBAB9AA2BBCFE43006F1469 = {
						CreatedOnToolsVersion = 15.3;
					};
				};
			};
			buildConfigurationList = DBBAB9A62BBCFE43006F1469 /* Build configuration list for PBXProject "Landmarks" */;
			compatibilityVersion = "Xcode 14.0";
			developmentRegion = en;
			hasScannedForEncodings = 0;
			knownRegions = (
				en,
				Base,
			);
			mainGroup = DBBAB9A22BBCFE43006F1469;
			productRefGroup = DBBAB9AC2BBCFE43006F1469 /* Products */;
			projectDirPath = "";
			projectRoot = "";
			targets = (
				DBBAB9AA2BBCFE43006F1469 /* Landmarks */,
			);
		};
/* End PBXProject section */

/* Begin PBXResourcesBuildPhase section */
		DBBAB9A92BBCFE43006F1469 /* Resources */ = {
			isa = PBXResourcesBuildPhase;
			buildActionMask = 2147483647;
			files = (
				DB9D18F22C01745100516B46 /* hikeData.json in Resources */,
				DBBAB9B62BBCFE44006F1469 /* Preview Assets.xcassets in Resources */,
				DBBAB9B32BBCFE44006F1469 /* Assets.xcassets in Resources */,
				DBA9A06A2BC0CF37007DF226 /* landmarkData.json in Resources */,
			);
			runOnlyForDeploymentPostprocessing = 0;
		};
/* End PBXResourcesBuildPhase section */

/* Begin PBXSourcesBuildPhase section */
		DBBAB9A72BBCFE43006F1469 /* Sources */ = {
			isa = PBXSourcesBuildPhase;
			buildActionMask = 2147483647;
			files = (
				DB6CF4962C02C2BD009924F7 /* CategoryRow.swift in Sources */,
				DBE5E24B2C0ABD55006BDF0E /* Profile.swift in Sources */,
				DBBAB9B12BBCFE43006F1469 /* ContentView.swift in Sources */,
				DB9D19022C017CBB00516B46 /* CategoryHome.swift in Sources */,
				DB6D4B8F2C0BA26800689C85 /* FeatureCard.swift in Sources */,
				DB9D18FB2C01779300516B46 /* HikeGraph.swift in Sources */,
				DB6C482C2BFEE5F4009E42D1 /* Badge.swift in Sources */,
				DB5B32C52BBE3B7200B02E0E /* MapView.swift in Sources */,
				DBBAB9AF2BBCFE43006F1469 /* LandmarksApp.swift in Sources */,
				DB8D833B2BC3960000D415F3 /* FavoriteButton.swift in Sources */,
				DB6D4B932C0BAB5700689C85 /* PageControl.swift in Sources */,
				DB9D18F92C0176E000516B46 /* HikeView.swift in Sources */,
				DB6CF4982C02C58C009924F7 /* CategoryItem.swift in Sources */,
				DB6C48242BFEE206009E42D1 /* HexagonParameters.swift in Sources */,
				DBE5E2502C0ABE9E006BDF0E /* ProfileSummary.swift in Sources */,
				DB9D18F52C0174EE00516B46 /* Hike.swift in Sources */,
				DBE5E24E2C0ABDDD006BDF0E /* ProfileHost.swift in Sources */,
				DB6C482A2BFEE5B2009E42D1 /* RotatedBadgeSymbol.swift in Sources */,
				DB6C48282BFEE517009E42D1 /* BadgeSymbol.swift in Sources */,
				DB6D4B912C0BA41400689C85 /* PageView.swift in Sources */,
				DBA9A0752BC0DDB2007DF226 /* LandmarkList.swift in Sources */,
				DBE5E2542C0AC52A006BDF0E /* ProfileEditor.swift in Sources */,
				DBA9A0772BC0E15B007DF226 /* LandmarkDetail.swift in Sources */,
				DB6C48262BFEE321009E42D1 /* BadgeBackground.swift in Sources */,
				DB5B32C32BBE390500B02E0E /* CircleImage.swift in Sources */,
				DB6D4B8D2C0BA0A700689C85 /* PageViewController.swift in Sources */,
				DBA9A06C2BC0CFA7007DF226 /* Landmark.swift in Sources */,
				DBE5E2522C0ABFC8006BDF0E /* HikeBadge.swift in Sources */,
				DBA9A0732BC0DA30007DF226 /* LandmarkRow.swift in Sources */,
				DB9D18FD2C0177C900516B46 /* GraphCapsule.swift in Sources */,
				DBA9A06E2BC0D3F2007DF226 /* ModelData.swift in Sources */,
				DB9D18FF2C01782400516B46 /* HikeDetail.swift in Sources */,
			);
			runOnlyForDeploymentPostprocessing = 0;
		};
/* End PBXSourcesBuildPhase section */

/* Begin XCBuildConfiguration section */
		DBBAB9B72BBCFE44006F1469 /* Debug */ = {
			isa = XCBuildConfiguration;
			buildSettings = {
				ALWAYS_SEARCH_USER_PATHS = NO;
				ASSETCATALOG_COMPILER_GENERATE_SWIFT_ASSET_SYMBOL_EXTENSIONS = YES;
				CLANG_ANALYZER_NONNULL = YES;
				CLANG_ANALYZER_NUMBER_OBJECT_CONVERSION = YES_AGGRESSIVE;
				CLANG_CXX_LANGUAGE_STANDARD = "gnu++20";
				CLANG_ENABLE_MODULES = YES;
				CLANG_ENABLE_OBJC_ARC = YES;
				CLANG_ENABLE_OBJC_WEAK = YES;
				CLANG_WARN_BLOCK_CAPTURE_AUTORELEASING = YES;
				CLANG_WARN_BOOL_CONVERSION = YES;
				CLANG_WARN_COMMA = YES;
				CLANG_WARN_CONSTANT_CONVERSION = YES;
				CLANG_WARN_DEPRECATED_OBJC_IMPLEMENTATIONS = YES;
				CLANG_WARN_DIRECT_OBJC_ISA_USAGE = YES_ERROR;
				CLANG_WARN_DOCUMENTATION_COMMENTS = YES;
				CLANG_WARN_EMPTY_BODY = YES;
				CLANG_WARN_ENUM_CONVERSION = YES;
				CLANG_WARN_INFINITE_RECURSION = YES;
				CLANG_WARN_INT_CONVERSION = YES;
				CLANG_WARN_NON_LITERAL_NULL_CONVERSION = YES;
				CLANG_WARN_OBJC_IMPLICIT_RETAIN_SELF = YES;
				CLANG_WARN_OBJC_LITERAL_CONVERSION = YES;
				CLANG_WARN_OBJC_ROOT_CLASS = YES_ERROR;
				CLANG_WARN_QUOTED_INCLUDE_IN_FRAMEWORK_HEADER = YES;
				CLANG_WARN_RANGE_LOOP_ANALYSIS = YES;
				CLANG_WARN_STRICT_PROTOTYPES = YES;
				CLANG_WARN_SUSPICIOUS_MOVE = YES;
				CLANG_WARN_UNGUARDED_AVAILABILITY = YES_AGGRESSIVE;
				CLANG_WARN_UNREACHABLE_CODE = YES;
				CLANG_WARN__DUPLICATE_METHOD_MATCH = YES;
				COPY_PHASE_STRIP = NO;
				DEBUG_INFORMATION_FORMAT = dwarf;
				ENABLE_STRICT_OBJC_MSGSEND = YES;
				ENABLE_TESTABILITY = YES;
				ENABLE_USER_SCRIPT_SANDBOXING = YES;
				GCC_C_LANGUAGE_STANDARD = gnu17;
				GCC_DYNAMIC_NO_PIC = NO;
				GCC_NO_COMMON_BLOCKS = YES;
				GCC_OPTIMIZATION_LEVEL = 0;
				GCC_PREPROCESSOR_DEFINITIONS = (
					"DEBUG=1",
					"$(inherited)",
				);
				GCC_WARN_64_TO_32_BIT_CONVERSION = YES;
				GCC_WARN_ABOUT_RETURN_TYPE = YES_ERROR;
				GCC_WARN_UNDECLARED_SELECTOR = YES;
				GCC_WARN_UNINITIALIZED_AUTOS = YES_AGGRESSIVE;
				GCC_WARN_UNUSED_FUNCTION = YES;
				GCC_WARN_UNUSED_VARIABLE = YES;
				IPHONEOS_DEPLOYMENT_TARGET = 17.4;
				LOCALIZATION_PREFERS_STRING_CATALOGS = YES;
				MTL_ENABLE_DEBUG_INFO = INCLUDE_SOURCE;
				MTL_FAST_MATH = YES;
				ONLY_ACTIVE_ARCH = YES;
				SDKROOT = iphoneos;
				SWIFT_ACTIVE_COMPILATION_CONDITIONS = "DEBUG $(inherited)";
				SWIFT_OPTIMIZATION_LEVEL = "-Onone";
			};
			name = Debug;
		};
		DBBAB9B82BBCFE44006F1469 /* Release */ = {
			isa = XCBuildConfiguration;
			buildSettings = {
				ALWAYS_SEARCH_USER_PATHS = NO;
				ASSETCATALOG_COMPILER_GENERATE_SWIFT_ASSET_SYMBOL_EXTENSIONS = YES;
				CLANG_ANALYZER_NONNULL = YES;
				CLANG_ANALYZER_NUMBER_OBJECT_CONVERSION = YES_AGGRESSIVE;
				CLANG_CXX_LANGUAGE_STANDARD = "gnu++20";
				CLANG_ENABLE_MODULES = YES;
				CLANG_ENABLE_OBJC_ARC = YES;
				CLANG_ENABLE_OBJC_WEAK = YES;
				CLANG_WARN_BLOCK_CAPTURE_AUTORELEASING = YES;
				CLANG_WARN_BOOL_CONVERSION = YES;
				CLANG_WARN_COMMA = YES;
				CLANG_WARN_CONSTANT_CONVERSION = YES;
				CLANG_WARN_DEPRECATED_OBJC_IMPLEMENTATIONS = YES;
				CLANG_WARN_DIRECT_OBJC_ISA_USAGE = YES_ERROR;
				CLANG_WARN_DOCUMENTATION_COMMENTS = YES;
				CLANG_WARN_EMPTY_BODY = YES;
				CLANG_WARN_ENUM_CONVERSION = YES;
				CLANG_WARN_INFINITE_RECURSION = YES;
				CLANG_WARN_INT_CONVERSION = YES;
				CLANG_WARN_NON_LITERAL_NULL_CONVERSION = YES;
				CLANG_WARN_OBJC_IMPLICIT_RETAIN_SELF = YES;
				CLANG_WARN_OBJC_LITERAL_CONVERSION = YES;
				CLANG_WARN_OBJC_ROOT_CLASS = YES_ERROR;
				CLANG_WARN_QUOTED_INCLUDE_IN_FRAMEWORK_HEADER = YES;
				CLANG_WARN_RANGE_LOOP_ANALYSIS = YES;
				CLANG_WARN_STRICT_PROTOTYPES = YES;
				CLANG_WARN_SUSPICIOUS_MOVE = YES;
				CLANG_WARN_UNGUARDED_AVAILABILITY = YES_AGGRESSIVE;
				CLANG_WARN_UNREACHABLE_CODE = YES;
				CLANG_WARN__DUPLICATE_METHOD_MATCH = YES;
				COPY_PHASE_STRIP = NO;
				DEBUG_INFORMATION_FORMAT = "dwarf-with-dsym";
				ENABLE_NS_ASSERTIONS = NO;
				ENABLE_STRICT_OBJC_MSGSEND = YES;
				ENABLE_USER_SCRIPT_SANDBOXING = YES;
				GCC_C_LANGUAGE_STANDARD = gnu17;
				GCC_NO_COMMON_BLOCKS = YES;
				GCC_WARN_64_TO_32_BIT_CONVERSION = YES;
				GCC_WARN_ABOUT_RETURN_TYPE = YES_ERROR;
				GCC_WARN_UNDECLARED_SELECTOR = YES;
				GCC_WARN_UNINITIALIZED_AUTOS = YES_AGGRESSIVE;
				GCC_WARN_UNUSED_FUNCTION = YES;
				GCC_WARN_UNUSED_VARIABLE = YES;
				IPHONEOS_DEPLOYMENT_TARGET = 17.4;
				LOCALIZATION_PREFERS_STRING_CATALOGS = YES;
				MTL_ENABLE_DEBUG_INFO = NO;
				MTL_FAST_MATH = YES;
				SDKROOT = iphoneos;
				SWIFT_COMPILATION_MODE = wholemodule;
				VALIDATE_PRODUCT = YES;
			};
			name = Release;
		};
		DBBAB9BA2BBCFE44006F1469 /* Debug */ = {
			isa = XCBuildConfiguration;
			buildSettings = {
				ASSETCATALOG_COMPILER_APPICON_NAME = AppIcon;
				ASSETCATALOG_COMPILER_GLOBAL_ACCENT_COLOR_NAME = AccentColor;
				CODE_SIGN_STYLE = Automatic;
				CURRENT_PROJECT_VERSION = 1;
				DEVELOPMENT_ASSET_PATHS = "\"Landmarks/Preview Content\"";
				DEVELOPMENT_TEAM = KP734X95SE;
				ENABLE_PREVIEWS = YES;
				GENERATE_INFOPLIST_FILE = YES;
				INFOPLIST_KEY_UIApplicationSceneManifest_Generation = YES;
				INFOPLIST_KEY_UIApplicationSupportsIndirectInputEvents = YES;
				INFOPLIST_KEY_UILaunchScreen_Generation = YES;
				INFOPLIST_KEY_UISupportedInterfaceOrientations_iPad = "UIInterfaceOrientationPortrait UIInterfaceOrientationPortraitUpsideDown UIInterfaceOrientationLandscapeLeft UIInterfaceOrientationLandscapeRight";
				INFOPLIST_KEY_UISupportedInterfaceOrientations_iPhone = "UIInterfaceOrientationPortrait UIInterfaceOrientationLandscapeLeft UIInterfaceOrientationLandscapeRight";
				IPHONEOS_DEPLOYMENT_TARGET = 17.3;
				LD_RUNPATH_SEARCH_PATHS = (
					"$(inherited)",
					"@executable_path/Frameworks",
				);
				MARKETING_VERSION = 1.0;
				PRODUCT_BUNDLE_IDENTIFIER = cesar.Landmarks;
				PRODUCT_NAME = "$(TARGET_NAME)";
				SWIFT_EMIT_LOC_STRINGS = YES;
				SWIFT_VERSION = 5.0;
				TARGETED_DEVICE_FAMILY = "1,2";
			};
			name = Debug;
		};
		DBBAB9BB2BBCFE44006F1469 /* Release */ = {
			isa = XCBuildConfiguration;
			buildSettings = {
				ASSETCATALOG_COMPILER_APPICON_NAME = AppIcon;
				ASSETCATALOG_COMPILER_GLOBAL_ACCENT_COLOR_NAME = AccentColor;
				CODE_SIGN_STYLE = Automatic;
				CURRENT_PROJECT_VERSION = 1;
				DEVELOPMENT_ASSET_PATHS = "\"Landmarks/Preview Content\"";
				DEVELOPMENT_TEAM = KP734X95SE;
				ENABLE_PREVIEWS = YES;
				GENERATE_INFOPLIST_FILE = YES;
				INFOPLIST_KEY_UIApplicationSceneManifest_Generation = YES;
				INFOPLIST_KEY_UIApplicationSupportsIndirectInputEvents = YES;
				INFOPLIST_KEY_UILaunchScreen_Generation = YES;
				INFOPLIST_KEY_UISupportedInterfaceOrientations_iPad = "UIInterfaceOrientationPortrait UIInterfaceOrientationPortraitUpsideDown UIInterfaceOrientationLandscapeLeft UIInterfaceOrientationLandscapeRight";
				INFOPLIST_KEY_UISupportedInterfaceOrientations_iPhone = "UIInterfaceOrientationPortrait UIInterfaceOrientationLandscapeLeft UIInterfaceOrientationLandscapeRight";
				IPHONEOS_DEPLOYMENT_TARGET = 17.3;
				LD_RUNPATH_SEARCH_PATHS = (
					"$(inherited)",
					"@executable_path/Frameworks",
				);
				MARKETING_VERSION = 1.0;
				PRODUCT_BUNDLE_IDENTIFIER = cesar.Landmarks;
				PRODUCT_NAME = "$(TARGET_NAME)";
				SWIFT_EMIT_LOC_STRINGS = YES;
				SWIFT_VERSION = 5.0;
				TARGETED_DEVICE_FAMILY = "1,2";
			};
			name = Release;
		};
/* End XCBuildConfiguration section */

/* Begin XCConfigurationList section */
		DBBAB9A62BBCFE43006F1469 /* Build configuration list for PBXProject "Landmarks" */ = {
			isa = XCConfigurationList;
			buildConfigurations = (
				DBBAB9B72BBCFE44006F1469 /* Debug */,
				DBBAB9B82BBCFE44006F1469 /* Release */,
			);
			defaultConfigurationIsVisible = 0;
			defaultConfigurationName = Release;
		};
		DBBAB9B92BBCFE44006F1469 /* Build configuration list for PBXNativeTarget "Landmarks" */ = {
			isa = XCConfigurationList;
			buildConfigurations = (
				DBBAB9BA2BBCFE44006F1469 /* Debug */,
				DBBAB9BB2BBCFE44006F1469 /* Release */,
			);
			defaultConfigurationIsVisible = 0;
			defaultConfigurationName = Release;
		};
/* End XCConfigurationList section */
	};
	rootObject = DBBAB9A32BBCFE43006F1469 /* Project object */;
}
